
Microsoft Visual Studio Solution File, Format Version 12.00
# Visual Studio Version 17
VisualStudioVersion = 17.0.32014.148
MinimumVisualStudioVersion = 10.0.40219.1
Project("{FAE04EC0-301F-11D3-BF4B-00C04F79EFBC}") = "PR6", "PR6\PR6.csproj", "{DD9968CA-1C75-48E8-98DB-49039760CB33}"
EndProject
Global
	GlobalSection(SolutionConfigurationPlatforms) = preSolution
		Debug|Any CPU = Debug|Any CPU
		Release|Any CPU = Release|Any CPU
	EndGlobalSection
	GlobalSection(ProjectConfigurationPlatforms) = postSolution
		{DD9968CA-1C75-48E8-98DB-49039760CB33}.Debug|Any CPU.ActiveCfg = Debug|Any CPU
		{DD9968CA-1C75-48E8-98DB-49039760CB33}.Debug|Any CPU.Build.0 = Debug|Any CPU
		{DD9968CA-1C75-48E8-98DB-49039760CB33}.Release|Any CPU.ActiveCfg = Release|Any CPU
		{DD9968CA-1C75-48E8-98DB-49039760CB33}.Release|Any CPU.Build.0 = Release|Any CPU
	EndGlobalSection
	GlobalSection(SolutionProperties) = preSolution
		HideSolutionNode = FALSE
	EndGlobalSection
	GlobalSection(ExtensibilityGlobals) = postSolution
		SolutionGuid = {C2D3B442-A53C-44F9-BCF8-082E6D29B4EE}
	EndGlobalSection
EndGlobal
